
Microsoft Visual Studio Solution File, Format Version 12.00
# Visual Studio Version 16
VisualStudioVersion = 16.0.31205.134
MinimumVisualStudioVersion = 10.0.40219.1
Project("{9A19103F-16F7-4668-BE54-9A1E7A4F7556}") = "Strategy", "Strategy.csproj", "{6E2D09C7-E943-4FCC-BEE0-D4B32DD6187D}"
EndProject
Global
	GlobalSection(SolutionConfigurationPlatforms) = preSolution
		Debug|Any CPU = Debug|Any CPU
		Release|Any CPU = Release|Any CPU
	EndGlobalSection
	GlobalSection(ProjectConfigurationPlatforms) = postSolution
		{6E2D09C7-E943-4FCC-BEE0-D4B32DD6187D}.Debug|Any CPU.ActiveCfg = Debug|Any CPU
		{6E2D09C7-E943-4FCC-BEE0-D4B32DD6187D}.Debug|Any CPU.Build.0 = Debug|Any CPU
		{6E2D09C7-E943-4FCC-BEE0-D4B32DD6187D}.Release|Any CPU.ActiveCfg = Release|Any CPU
		{6E2D09C7-E943-4FCC-BEE0-D4B32DD6187D}.Release|Any CPU.Build.0 = Release|Any CPU
	EndGlobalSection
	GlobalSection(SolutionProperties) = preSolution
		HideSolutionNode = FALSE
	EndGlobalSection
	GlobalSection(ExtensibilityGlobals) = postSolution
		SolutionGuid = {035AF09B-1F30-4734-A576-5C62E7E10AF3}
	EndGlobalSection
EndGlobal
